
Microsoft Visual Studio Solution File, Format Version 12.00
# Visual Studio Version 17
VisualStudioVersion = 17.13.35931.197
MinimumVisualStudioVersion = 10.0.40219.1
Project("{FAE04EC0-301F-11D3-BF4B-00C04F79EFBC}") = "WindowsFormsApp1", "WindowsFormsApp1.csproj", "{12E15A23-8ABE-4598-8EE8-6767226EF044}"
EndProject
Global
	GlobalSection(SolutionConfigurationPlatforms) = preSolution
		Debug|Any CPU = Debug|Any CPU
		Release|Any CPU = Release|Any CPU
	EndGlobalSection
	GlobalSection(ProjectConfigurationPlatforms) = postSolution
		{12E15A23-8ABE-4598-8EE8-6767226EF044}.Debug|Any CPU.ActiveCfg = Debug|Any CPU
		{12E15A23-8ABE-4598-8EE8-6767226EF044}.Debug|Any CPU.Build.0 = Debug|Any CPU
		{12E15A23-8ABE-4598-8EE8-6767226EF044}.Release|Any CPU.ActiveCfg = Release|Any CPU
		{12E15A23-8ABE-4598-8EE8-6767226EF044}.Release|Any CPU.Build.0 = Release|Any CPU
	EndGlobalSection
	GlobalSection(SolutionProperties) = preSolution
		HideSolutionNode = FALSE
	EndGlobalSection
	GlobalSection(ExtensibilityGlobals) = postSolution
		SolutionGuid = {D85D5D96-18AE-481B-BB7E-88B9FF99D2D9}
	EndGlobalSection
EndGlobal
